
Microsoft Visual Studio Solution File, Format Version 12.00
# Visual Studio Version 16
VisualStudioVersion = 16.0.32228.343
MinimumVisualStudioVersion = 10.0.40219.1
Project("{FAE04EC0-301F-11D3-BF4B-00C04F79EFBC}") = "FizzSample", "FizzBuzz\FizzSample.csproj", "{2BF71EB9-35FC-4B1C-AADA-B3FC39D8CD5F}"
EndProject
Global
	GlobalSection(SolutionConfigurationPlatforms) = preSolution
		Debug|Any CPU = Debug|Any CPU
		Release|Any CPU = Release|Any CPU
	EndGlobalSection
	GlobalSection(ProjectConfigurationPlatforms) = postSolution
		{2BF71EB9-35FC-4B1C-AADA-B3FC39D8CD5F}.Debug|Any CPU.ActiveCfg = Debug|Any CPU
		{2BF71EB9-35FC-4B1C-AADA-B3FC39D8CD5F}.Debug|Any CPU.Build.0 = Debug|Any CPU
		{2BF71EB9-35FC-4B1C-AADA-B3FC39D8CD5F}.Release|Any CPU.ActiveCfg = Release|Any CPU
		{2BF71EB9-35FC-4B1C-AADA-B3FC39D8CD5F}.Release|Any CPU.Build.0 = Release|Any CPU
	EndGlobalSection
	GlobalSection(SolutionProperties) = preSolution
		HideSolutionNode = FALSE
	EndGlobalSection
	GlobalSection(ExtensibilityGlobals) = postSolution
		SolutionGuid = {FC1D70B2-8527-4412-B28A-399DD3E24FAF}
	EndGlobalSection
EndGlobal
