
Microsoft Visual Studio Solution File, Format Version 12.00
# Visual Studio Version 16
VisualStudioVersion = 16.0.32228.343
MinimumVisualStudioVersion = 10.0.40219.1
Project("{FAE04EC0-301F-11D3-BF4B-00C04F79EFBC}") = "StepsForNumZero", "StepsForNumZero\StepsForNumZero.csproj", "{68C1FE05-533C-45D3-A32A-3386A4D6547D}"
EndProject
Global
	GlobalSection(SolutionConfigurationPlatforms) = preSolution
		Debug|Any CPU = Debug|Any CPU
		Release|Any CPU = Release|Any CPU
	EndGlobalSection
	GlobalSection(ProjectConfigurationPlatforms) = postSolution
		{68C1FE05-533C-45D3-A32A-3386A4D6547D}.Debug|Any CPU.ActiveCfg = Debug|Any CPU
		{68C1FE05-533C-45D3-A32A-3386A4D6547D}.Debug|Any CPU.Build.0 = Debug|Any CPU
		{68C1FE05-533C-45D3-A32A-3386A4D6547D}.Release|Any CPU.ActiveCfg = Release|Any CPU
		{68C1FE05-533C-45D3-A32A-3386A4D6547D}.Release|Any CPU.Build.0 = Release|Any CPU
	EndGlobalSection
	GlobalSection(SolutionProperties) = preSolution
		HideSolutionNode = FALSE
	EndGlobalSection
	GlobalSection(ExtensibilityGlobals) = postSolution
		SolutionGuid = {76BAC67B-1147-4E68-B325-36460CA5208B}
	EndGlobalSection
EndGlobal
